
Microsoft Visual Studio Solution File, Format Version 12.00
# Visual Studio 15
VisualStudioVersion = 15.0.26823.1
MinimumVisualStudioVersion = 10.0.40219.1
Project("{9A19103F-16F7-4668-BE54-9A1E7A4F7556}") = "jlikme", "jlikme.csproj", "{5F94BCF3-FD76-4D91-93EE-A25712D7F7D2}"
EndProject
Global
	GlobalSection(SolutionConfigurationPlatforms) = preSolution
		Debug|Any CPU = Debug|Any CPU
		Release|Any CPU = Release|Any CPU
	EndGlobalSection
	GlobalSection(ProjectConfigurationPlatforms) = postSolution
		{5F94BCF3-FD76-4D91-93EE-A25712D7F7D2}.Debug|Any CPU.ActiveCfg = Debug|Any CPU
		{5F94BCF3-FD76-4D91-93EE-A25712D7F7D2}.Debug|Any CPU.Build.0 = Debug|Any CPU
		{5F94BCF3-FD76-4D91-93EE-A25712D7F7D2}.Release|Any CPU.ActiveCfg = Release|Any CPU
		{5F94BCF3-FD76-4D91-93EE-A25712D7F7D2}.Release|Any CPU.Build.0 = Release|Any CPU
	EndGlobalSection
	GlobalSection(SolutionProperties) = preSolution
		HideSolutionNode = FALSE
	EndGlobalSection
	GlobalSection(ExtensibilityGlobals) = postSolution
		SolutionGuid = {FF960FBF-8F7C-405A-B019-D16FB56EDABD}
	EndGlobalSection
EndGlobal
